{
    "_readme": [
        "This file locks the dependencies of your project to a known state",
        "Read more about it at https://getcomposer.org/doc/01-basic-usage.md#composer-lock-the-lock-file",
        "This file is @generated automatically"
    ],
    "hash": "78961aa98bcfdc047fb51f6b57bff50b",
    "content-hash": "e9b157b5ebfdfd56137830e21427455e",
    "packages": [
        {
            "name": "easybook/geshi",
            "version": "v1.0.8.15",
            "source": {
                "type": "git",
                "url": "https://github.com/easybook/geshi.git",
                "reference": "54387de80bc7ee50397ffae39234626a48d2d45f"
            },
            "dist": {
                "type": "zip",
                "url": "https://api.github.com/repos/easybook/geshi/zipball/54387de80bc7ee50397ffae39234626a48d2d45f",
                "reference": "54387de80bc7ee50397ffae39234626a48d2d45f",
                "shasum": ""
            },
            "require": {
                "php": ">4.3.0"
            },
            "type": "library",
            "autoload": {
                "classmap": [
                    "./"
                ]
            },
            "notification-url": "https://packagist.org/downloads/",
            "license": [
                "GPL-2.0"
            ],
            "authors": [
                {
                    "name": "Nigel McNie",
                    "email": "nigel@geshi.org"
                },
                {
                    "name": "Benny Baumann",
                    "email": "BenBE@geshi.org"
                }
            ],
            "description": "GeSHi - Generic Syntax Highlighter. This is an unmodified port of GeSHi project code found on SourceForge.",
            "homepage": "http://qbnz.com/highlighter",
            "keywords": [
                "highlight",
                "highlighter",
                "syntax"
            ],
            "time": "2015-06-18 14:56:28"
        }
    ],
    "packages-dev": [],
    "aliases": [],
    "minimum-stability": "stable",
    "stability-flags": [],
    "prefer-stable": false,
    "prefer-lowest": false,
    "platform": [],
    "platform-dev": []
}
